# This file is generated by running "yarn install" inside your project.
# Manual changes might be lost - proceed with caution!

__metadata:
  version: 6
  cacheKey: 8

"@babel/runtime@npm:^7.9.2":
  version: 7.20.7
  resolution: "@babel/runtime@npm:7.20.7"
  dependencies:
    regenerator-runtime: ^0.13.11
  checksum: 4629ce5c46f06cca9cfb9b7fc00d48003335a809888e2b91ec2069a2dcfbfef738480cff32ba81e0b7c290f8918e5c22ddcf2b710001464ee84ba62c7e32a3a3
  languageName: node
  linkType: hard

"@reduxjs/toolkit@npm:^1.9.1":
  version: 1.9.1
  resolution: "@reduxjs/toolkit@npm:1.9.1"
  dependencies:
    immer: ^9.0.16
    redux: ^4.2.0
    redux-thunk: ^2.4.2
    reselect: ^4.1.7
  peerDependencies:
    react: ^16.9.0 || ^17.0.0 || ^18
    react-redux: ^7.2.1 || ^8.0.2
  peerDependenciesMeta:
    react:
      optional: true
    react-redux:
      optional: true
  checksum: e6700a0d45198ab525c96ff0425fa0125fbdc37ce514f0c77c30225837113279ceec9190ac3da35cb20e77553e56342021788bbf17465819068c4db34cb3d87f
  languageName: node
  linkType: hard

"immer@npm:^9.0.16":
  version: 9.0.17
  resolution: "immer@npm:9.0.17"
  checksum: 046d562b74f050632d2861042dbcad49a5e86ffe5bb9b8bff6e699b1c7d8478019d9a3be61e72117cecc29826d2caa4fa927a7e10262381144dd33c735b9531c
  languageName: node
  linkType: hard

"redux-listener-inference-repro@workspace:.":
  version: 0.0.0-use.local
  resolution: "redux-listener-inference-repro@workspace:."
  dependencies:
    "@reduxjs/toolkit": ^1.9.1
    typescript: ^4.9.4
  languageName: unknown
  linkType: soft

"redux-thunk@npm:^2.4.2":
  version: 2.4.2
  resolution: "redux-thunk@npm:2.4.2"
  peerDependencies:
    redux: ^4
  checksum: c7f757f6c383b8ec26152c113e20087818d18ed3edf438aaad43539e9a6b77b427ade755c9595c4a163b6ad3063adf3497e5fe6a36c68884eb1f1cfb6f049a5c
  languageName: node
  linkType: hard

"redux@npm:^4.2.0":
  version: 4.2.0
  resolution: "redux@npm:4.2.0"
  dependencies:
    "@babel/runtime": ^7.9.2
  checksum: 75f3955c89b3f18edf5411e5fb482aa2e4f41a416183e8802a6bf6472c4fc3d47675b8b321d147f8af8e0f616436ac507bf5a25f1c4d6180e797b549c7db2c1d
  languageName: node
  linkType: hard

"regenerator-runtime@npm:^0.13.11":
  version: 0.13.11
  resolution: "regenerator-runtime@npm:0.13.11"
  checksum: 27481628d22a1c4e3ff551096a683b424242a216fee44685467307f14d58020af1e19660bf2e26064de946bad7eff28950eae9f8209d55723e2d9351e632bbb4
  languageName: node
  linkType: hard

"reselect@npm:^4.1.7":
  version: 4.1.7
  resolution: "reselect@npm:4.1.7"
  checksum: 738d8e2b8f0dca154ad29de6a209c9fbca2d70ae6788fd85df87f2c74b95a65bbf2d16d43a9e2faff39de34d17a29d706ba08a6b2ee5660c09589edbd19af7e1
  languageName: node
  linkType: hard

"typescript@npm:^4.9.4":
  version: 4.9.4
  resolution: "typescript@npm:4.9.4"
  bin:
    tsc: bin/tsc
    tsserver: bin/tsserver
  checksum: e782fb9e0031cb258a80000f6c13530288c6d63f1177ed43f770533fdc15740d271554cdae86701c1dd2c83b082cea808b07e97fd68b38a172a83dbf9e0d0ef9
  languageName: node
  linkType: hard

"typescript@patch:typescript@^4.9.4#~builtin<compat/typescript>":
  version: 4.9.4
  resolution: "typescript@patch:typescript@npm%3A4.9.4#~builtin<compat/typescript>::version=4.9.4&hash=ad5954"
  bin:
    tsc: bin/tsc
    tsserver: bin/tsserver
  checksum: 1caaea6cb7f813e64345190fddc4e6c924d0b698ab81189b503763c4a18f7f5501c69362979d36e19c042d89d936443e768a78b0675690b35eb663d19e0eae71
  languageName: node
  linkType: hard
